
Microsoft Visual Studio Solution File, Format Version 12.00
# Visual Studio Version 16
VisualStudioVersion = 16.0.29905.134
MinimumVisualStudioVersion = 10.0.40219.1
Project("{8BC9CEB8-8B4A-11D0-8D11-00A0C91BC942}") = "LabProject00", "LabProject00\LabProject00.vcxproj", "{49B17D27-7C11-4193-8856-A98CE0C21D9D}"
EndProject
Project("{8BC9CEB8-8B4A-11D0-8D11-00A0C91BC942}") = "LabProject01", "LabProject01\LabProject01.vcxproj", "{0EEA78C9-CF43-41DF-88F4-7C7C779EDBBB}"
EndProject
Project("{8BC9CEB8-8B4A-11D0-8D11-00A0C91BC942}") = "LabProject02", "LabProject02\LabProject02.vcxproj", "{50573AE4-7162-4AF2-B66E-1CB56DF7D7EE}"
EndProject
Project("{8BC9CEB8-8B4A-11D0-8D11-00A0C91BC942}") = "LabProject02-1", "LabProject02-1\LabProject02-1.vcxproj", "{6CA009E8-0692-463E-B30F-1E0CA6A245CB}"
EndProject
Global
	GlobalSection(SolutionConfigurationPlatforms) = preSolution
		Debug|x64 = Debug|x64
		Debug|x86 = Debug|x86
		Release|x64 = Release|x64
		Release|x86 = Release|x86
	EndGlobalSection
	GlobalSection(ProjectConfigurationPlatforms) = postSolution
		{49B17D27-7C11-4193-8856-A98CE0C21D9D}.Debug|x64.ActiveCfg = Debug|x64
		{49B17D27-7C11-4193-8856-A98CE0C21D9D}.Debug|x64.Build.0 = Debug|x64
		{49B17D27-7C11-4193-8856-A98CE0C21D9D}.Debug|x86.ActiveCfg = Debug|Win32
		{49B17D27-7C11-4193-8856-A98CE0C21D9D}.Debug|x86.Build.0 = Debug|Win32
		{49B17D27-7C11-4193-8856-A98CE0C21D9D}.Release|x64.ActiveCfg = Release|x64
		{49B17D27-7C11-4193-8856-A98CE0C21D9D}.Release|x64.Build.0 = Release|x64
		{49B17D27-7C11-4193-8856-A98CE0C21D9D}.Release|x86.ActiveCfg = Release|Win32
		{49B17D27-7C11-4193-8856-A98CE0C21D9D}.Release|x86.Build.0 = Release|Win32
		{0EEA78C9-CF43-41DF-88F4-7C7C779EDBBB}.Debug|x64.ActiveCfg = Debug|x64
		{0EEA78C9-CF43-41DF-88F4-7C7C779EDBBB}.Debug|x64.Build.0 = Debug|x64
		{0EEA78C9-CF43-41DF-88F4-7C7C779EDBBB}.Debug|x86.ActiveCfg = Debug|Win32
		{0EEA78C9-CF43-41DF-88F4-7C7C779EDBBB}.Debug|x86.Build.0 = Debug|Win32
		{0EEA78C9-CF43-41DF-88F4-7C7C779EDBBB}.Release|x64.ActiveCfg = Release|x64
		{0EEA78C9-CF43-41DF-88F4-7C7C779EDBBB}.Release|x64.Build.0 = Release|x64
		{0EEA78C9-CF43-41DF-88F4-7C7C779EDBBB}.Release|x86.ActiveCfg = Release|Win32
		{0EEA78C9-CF43-41DF-88F4-7C7C779EDBBB}.Release|x86.Build.0 = Release|Win32
		{50573AE4-7162-4AF2-B66E-1CB56DF7D7EE}.Debug|x64.ActiveCfg = Debug|x64
		{50573AE4-7162-4AF2-B66E-1CB56DF7D7EE}.Debug|x64.Build.0 = Debug|x64
		{50573AE4-7162-4AF2-B66E-1CB56DF7D7EE}.Debug|x86.ActiveCfg = Debug|Win32
		{50573AE4-7162-4AF2-B66E-1CB56DF7D7EE}.Debug|x86.Build.0 = Debug|Win32
		{50573AE4-7162-4AF2-B66E-1CB56DF7D7EE}.Release|x64.ActiveCfg = Release|x64
		{50573AE4-7162-4AF2-B66E-1CB56DF7D7EE}.Release|x64.Build.0 = Release|x64
		{50573AE4-7162-4AF2-B66E-1CB56DF7D7EE}.Release|x86.ActiveCfg = Release|Win32
		{50573AE4-7162-4AF2-B66E-1CB56DF7D7EE}.Release|x86.Build.0 = Release|Win32
		{6CA009E8-0692-463E-B30F-1E0CA6A245CB}.Debug|x64.ActiveCfg = Debug|x64
		{6CA009E8-0692-463E-B30F-1E0CA6A245CB}.Debug|x64.Build.0 = Debug|x64
		{6CA009E8-0692-463E-B30F-1E0CA6A245CB}.Debug|x86.ActiveCfg = Debug|Win32
		{6CA009E8-0692-463E-B30F-1E0CA6A245CB}.Debug|x86.Build.0 = Debug|Win32
		{6CA009E8-0692-463E-B30F-1E0CA6A245CB}.Release|x64.ActiveCfg = Release|x64
		{6CA009E8-0692-463E-B30F-1E0CA6A245CB}.Release|x64.Build.0 = Release|x64
		{6CA009E8-0692-463E-B30F-1E0CA6A245CB}.Release|x86.ActiveCfg = Release|Win32
		{6CA009E8-0692-463E-B30F-1E0CA6A245CB}.Release|x86.Build.0 = Release|Win32
	EndGlobalSection
	GlobalSection(SolutionProperties) = preSolution
		HideSolutionNode = FALSE
	EndGlobalSection
	GlobalSection(ExtensibilityGlobals) = postSolution
		SolutionGuid = {CE5E09B3-514F-4D95-8FFD-5AEFEC0364AA}
	EndGlobalSection
EndGlobal
