
Microsoft Visual Studio Solution File, Format Version 12.00
# Visual Studio 15
VisualStudioVersion = 15.0.28307.960
MinimumVisualStudioVersion = 10.0.40219.1
Project("{8BC9CEB8-8B4A-11D0-8D11-00A0C91BC942}") = "1day", "1day\1day.vcxproj", "{3D54FC79-C18A-4FC5-A481-46943812F235}"
EndProject
Project("{8BC9CEB8-8B4A-11D0-8D11-00A0C91BC942}") = "2day", "2day\2day.vcxproj", "{E7EB669C-01EE-421B-A801-1E34965D1BD5}"
EndProject
Global
	GlobalSection(SolutionConfigurationPlatforms) = preSolution
		Debug|x64 = Debug|x64
		Debug|x86 = Debug|x86
		Release|x64 = Release|x64
		Release|x86 = Release|x86
	EndGlobalSection
	GlobalSection(ProjectConfigurationPlatforms) = postSolution
		{3D54FC79-C18A-4FC5-A481-46943812F235}.Debug|x64.ActiveCfg = Debug|x64
		{3D54FC79-C18A-4FC5-A481-46943812F235}.Debug|x64.Build.0 = Debug|x64
		{3D54FC79-C18A-4FC5-A481-46943812F235}.Debug|x86.ActiveCfg = Debug|Win32
		{3D54FC79-C18A-4FC5-A481-46943812F235}.Debug|x86.Build.0 = Debug|Win32
		{3D54FC79-C18A-4FC5-A481-46943812F235}.Release|x64.ActiveCfg = Release|x64
		{3D54FC79-C18A-4FC5-A481-46943812F235}.Release|x64.Build.0 = Release|x64
		{3D54FC79-C18A-4FC5-A481-46943812F235}.Release|x86.ActiveCfg = Release|Win32
		{3D54FC79-C18A-4FC5-A481-46943812F235}.Release|x86.Build.0 = Release|Win32
		{E7EB669C-01EE-421B-A801-1E34965D1BD5}.Debug|x64.ActiveCfg = Debug|x64
		{E7EB669C-01EE-421B-A801-1E34965D1BD5}.Debug|x64.Build.0 = Debug|x64
		{E7EB669C-01EE-421B-A801-1E34965D1BD5}.Debug|x86.ActiveCfg = Debug|Win32
		{E7EB669C-01EE-421B-A801-1E34965D1BD5}.Debug|x86.Build.0 = Debug|Win32
		{E7EB669C-01EE-421B-A801-1E34965D1BD5}.Release|x64.ActiveCfg = Release|x64
		{E7EB669C-01EE-421B-A801-1E34965D1BD5}.Release|x64.Build.0 = Release|x64
		{E7EB669C-01EE-421B-A801-1E34965D1BD5}.Release|x86.ActiveCfg = Release|Win32
		{E7EB669C-01EE-421B-A801-1E34965D1BD5}.Release|x86.Build.0 = Release|Win32
	EndGlobalSection
	GlobalSection(SolutionProperties) = preSolution
		HideSolutionNode = FALSE
	EndGlobalSection
	GlobalSection(ExtensibilityGlobals) = postSolution
		SolutionGuid = {8D9960C3-8D16-4680-8667-6C61B142E407}
	EndGlobalSection
EndGlobal
